
Microsoft Visual Studio Solution File, Format Version 12.00
# Visual Studio Version 17
VisualStudioVersion = 17.0.31903.59
MinimumVisualStudioVersion = 10.0.40219.1
Project("{FAE04EC0-301F-11D3-BF4B-00C04F79EFBC}") = "Patchwork.Tests", "Patchwork.Tests\Patchwork.Tests.csproj", "{7C32FBA0-8A21-4F95-9F6F-4C6EA841F3F0}"
EndProject
Project("{FAE04EC0-301F-11D3-BF4B-00C04F79EFBC}") = "Patchwork", "Patchwork\Patchwork.csproj", "{ADE75754-C5CE-4703-9140-8CC8DDF9FC50}"
EndProject
Global
	GlobalSection(SolutionConfigurationPlatforms) = preSolution
		Debug|Any CPU = Debug|Any CPU
		Release|Any CPU = Release|Any CPU
	EndGlobalSection
	GlobalSection(ProjectConfigurationPlatforms) = postSolution
		{7C32FBA0-8A21-4F95-9F6F-4C6EA841F3F0}.Debug|Any CPU.ActiveCfg = Debug|Any CPU
		{7C32FBA0-8A21-4F95-9F6F-4C6EA841F3F0}.Debug|Any CPU.Build.0 = Debug|Any CPU
		{7C32FBA0-8A21-4F95-9F6F-4C6EA841F3F0}.Release|Any CPU.ActiveCfg = Release|Any CPU
		{7C32FBA0-8A21-4F95-9F6F-4C6EA841F3F0}.Release|Any CPU.Build.0 = Release|Any CPU
		{ADE75754-C5CE-4703-9140-8CC8DDF9FC50}.Debug|Any CPU.ActiveCfg = Debug|Any CPU
		{ADE75754-C5CE-4703-9140-8CC8DDF9FC50}.Debug|Any CPU.Build.0 = Debug|Any CPU
		{ADE75754-C5CE-4703-9140-8CC8DDF9FC50}.Release|Any CPU.ActiveCfg = Release|Any CPU
		{ADE75754-C5CE-4703-9140-8CC8DDF9FC50}.Release|Any CPU.Build.0 = Release|Any CPU
	EndGlobalSection
	GlobalSection(SolutionProperties) = preSolution
		HideSolutionNode = FALSE
	EndGlobalSection
EndGlobal
