
Microsoft Visual Studio Solution File, Format Version 12.00
# Visual Studio Version 17
VisualStudioVersion = 17.0.31903.59
MinimumVisualStudioVersion = 10.0.40219.1
Project("{FAE04EC0-301F-11D3-BF4B-00C04F79EFBC}") = "Patchwork.Tests", "Patchwork.Tests\Patchwork.Tests.csproj", "{7C32FBA0-8A21-4F95-9F6F-4C6EA841F3F0}"
EndProject
Project("{FAE04EC0-301F-11D3-BF4B-00C04F79EFBC}") = "Patchwork", "Patchwork\Patchwork.csproj", "{ADE75754-C5CE-4703-9140-8CC8DDF9FC50}"
EndProject
Project("{FAE04EC0-301F-11D3-BF4B-00C04F79EFBC}") = "Patchwork.Api", "Patchwork.Api\Patchwork.Api.csproj", "{0878C1FD-F8DC-4708-9351-DC86CA697D96}"
EndProject
Project("{E53339B2-1760-4266-BCC7-CA923CBCF16C}") = "docker-compose", "docker-compose.dcproj", "{DAB022EA-C7D1-4DA8-B362-37764C0B9C47}"
EndProject
Project("{FAE04EC0-301F-11D3-BF4B-00C04F79EFBC}") = "Patchwork.Db", "Patchwork.Db\Patchwork.Db.csproj", "{A4A9CBC3-E564-4E75-AD0E-3A53C4F32ACD}"
EndProject
Project("{2150E333-8FDC-42A3-9474-1A3956D46DE8}") = "Migrations", "Migrations", "{46AC818A-EC7C-4469-8445-57FAA8A23997}"
EndProject
Project("{2150E333-8FDC-42A3-9474-1A3956D46DE8}") = "Patchwork Framework", "Patchwork Framework", "{27861242-2C7E-4F07-8B1F-57CB84014836}"
EndProject
Global
	GlobalSection(SolutionConfigurationPlatforms) = preSolution
		Debug|Any CPU = Debug|Any CPU
		MsSql|Any CPU = MsSql|Any CPU
		MySql|Any CPU = MySql|Any CPU
		PostgreSql|Any CPU = PostgreSql|Any CPU
		Release|Any CPU = Release|Any CPU
	EndGlobalSection
	GlobalSection(ProjectConfigurationPlatforms) = postSolution
		{7C32FBA0-8A21-4F95-9F6F-4C6EA841F3F0}.Debug|Any CPU.ActiveCfg = Debug|Any CPU
		{7C32FBA0-8A21-4F95-9F6F-4C6EA841F3F0}.Debug|Any CPU.Build.0 = Debug|Any CPU
		{7C32FBA0-8A21-4F95-9F6F-4C6EA841F3F0}.MsSql|Any CPU.ActiveCfg = MsSql|Any CPU
		{7C32FBA0-8A21-4F95-9F6F-4C6EA841F3F0}.MsSql|Any CPU.Build.0 = MsSql|Any CPU
		{7C32FBA0-8A21-4F95-9F6F-4C6EA841F3F0}.MySql|Any CPU.ActiveCfg = MySql|Any CPU
		{7C32FBA0-8A21-4F95-9F6F-4C6EA841F3F0}.MySql|Any CPU.Build.0 = MySql|Any CPU
		{7C32FBA0-8A21-4F95-9F6F-4C6EA841F3F0}.PostgreSql|Any CPU.ActiveCfg = PostgreSql|Any CPU
		{7C32FBA0-8A21-4F95-9F6F-4C6EA841F3F0}.PostgreSql|Any CPU.Build.0 = PostgreSql|Any CPU
		{7C32FBA0-8A21-4F95-9F6F-4C6EA841F3F0}.Release|Any CPU.ActiveCfg = Release|Any CPU
		{7C32FBA0-8A21-4F95-9F6F-4C6EA841F3F0}.Release|Any CPU.Build.0 = Release|Any CPU
		{ADE75754-C5CE-4703-9140-8CC8DDF9FC50}.Debug|Any CPU.ActiveCfg = Debug|Any CPU
		{ADE75754-C5CE-4703-9140-8CC8DDF9FC50}.Debug|Any CPU.Build.0 = Debug|Any CPU
		{ADE75754-C5CE-4703-9140-8CC8DDF9FC50}.MsSql|Any CPU.ActiveCfg = MsSql|Any CPU
		{ADE75754-C5CE-4703-9140-8CC8DDF9FC50}.MsSql|Any CPU.Build.0 = MsSql|Any CPU
		{ADE75754-C5CE-4703-9140-8CC8DDF9FC50}.MySql|Any CPU.ActiveCfg = MySql|Any CPU
		{ADE75754-C5CE-4703-9140-8CC8DDF9FC50}.MySql|Any CPU.Build.0 = MySql|Any CPU
		{ADE75754-C5CE-4703-9140-8CC8DDF9FC50}.PostgreSql|Any CPU.ActiveCfg = PostgreSql|Any CPU
		{ADE75754-C5CE-4703-9140-8CC8DDF9FC50}.PostgreSql|Any CPU.Build.0 = PostgreSql|Any CPU
		{ADE75754-C5CE-4703-9140-8CC8DDF9FC50}.Release|Any CPU.ActiveCfg = Release|Any CPU
		{ADE75754-C5CE-4703-9140-8CC8DDF9FC50}.Release|Any CPU.Build.0 = Release|Any CPU
		{0878C1FD-F8DC-4708-9351-DC86CA697D96}.Debug|Any CPU.ActiveCfg = Debug|Any CPU
		{0878C1FD-F8DC-4708-9351-DC86CA697D96}.Debug|Any CPU.Build.0 = Debug|Any CPU
		{0878C1FD-F8DC-4708-9351-DC86CA697D96}.MsSql|Any CPU.ActiveCfg = MsSql|Any CPU
		{0878C1FD-F8DC-4708-9351-DC86CA697D96}.MsSql|Any CPU.Build.0 = MsSql|Any CPU
		{0878C1FD-F8DC-4708-9351-DC86CA697D96}.MySql|Any CPU.ActiveCfg = MySql|Any CPU
		{0878C1FD-F8DC-4708-9351-DC86CA697D96}.MySql|Any CPU.Build.0 = MySql|Any CPU
		{0878C1FD-F8DC-4708-9351-DC86CA697D96}.PostgreSql|Any CPU.ActiveCfg = PostgreSql|Any CPU
		{0878C1FD-F8DC-4708-9351-DC86CA697D96}.PostgreSql|Any CPU.Build.0 = PostgreSql|Any CPU
		{0878C1FD-F8DC-4708-9351-DC86CA697D96}.Release|Any CPU.ActiveCfg = Release|Any CPU
		{0878C1FD-F8DC-4708-9351-DC86CA697D96}.Release|Any CPU.Build.0 = Release|Any CPU
		{DAB022EA-C7D1-4DA8-B362-37764C0B9C47}.Debug|Any CPU.ActiveCfg = Debug|Any CPU
		{DAB022EA-C7D1-4DA8-B362-37764C0B9C47}.Debug|Any CPU.Build.0 = Debug|Any CPU
		{DAB022EA-C7D1-4DA8-B362-37764C0B9C47}.MsSql|Any CPU.ActiveCfg = Release|Any CPU
		{DAB022EA-C7D1-4DA8-B362-37764C0B9C47}.MsSql|Any CPU.Build.0 = Release|Any CPU
		{DAB022EA-C7D1-4DA8-B362-37764C0B9C47}.MySql|Any CPU.ActiveCfg = Release|Any CPU
		{DAB022EA-C7D1-4DA8-B362-37764C0B9C47}.MySql|Any CPU.Build.0 = Release|Any CPU
		{DAB022EA-C7D1-4DA8-B362-37764C0B9C47}.PostgreSql|Any CPU.ActiveCfg = Release|Any CPU
		{DAB022EA-C7D1-4DA8-B362-37764C0B9C47}.PostgreSql|Any CPU.Build.0 = Release|Any CPU
		{DAB022EA-C7D1-4DA8-B362-37764C0B9C47}.Release|Any CPU.ActiveCfg = Release|Any CPU
		{DAB022EA-C7D1-4DA8-B362-37764C0B9C47}.Release|Any CPU.Build.0 = Release|Any CPU
		{A4A9CBC3-E564-4E75-AD0E-3A53C4F32ACD}.Debug|Any CPU.ActiveCfg = Debug|Any CPU
		{A4A9CBC3-E564-4E75-AD0E-3A53C4F32ACD}.Debug|Any CPU.Build.0 = Debug|Any CPU
		{A4A9CBC3-E564-4E75-AD0E-3A53C4F32ACD}.MsSql|Any CPU.ActiveCfg = MsSql|Any CPU
		{A4A9CBC3-E564-4E75-AD0E-3A53C4F32ACD}.MsSql|Any CPU.Build.0 = MsSql|Any CPU
		{A4A9CBC3-E564-4E75-AD0E-3A53C4F32ACD}.MySql|Any CPU.ActiveCfg = MySql|Any CPU
		{A4A9CBC3-E564-4E75-AD0E-3A53C4F32ACD}.MySql|Any CPU.Build.0 = MySql|Any CPU
		{A4A9CBC3-E564-4E75-AD0E-3A53C4F32ACD}.PostgreSql|Any CPU.ActiveCfg = PostgreSql|Any CPU
		{A4A9CBC3-E564-4E75-AD0E-3A53C4F32ACD}.PostgreSql|Any CPU.Build.0 = PostgreSql|Any CPU
		{A4A9CBC3-E564-4E75-AD0E-3A53C4F32ACD}.Release|Any CPU.ActiveCfg = Release|Any CPU
		{A4A9CBC3-E564-4E75-AD0E-3A53C4F32ACD}.Release|Any CPU.Build.0 = Release|Any CPU
	EndGlobalSection
	GlobalSection(SolutionProperties) = preSolution
		HideSolutionNode = FALSE
	EndGlobalSection
	GlobalSection(NestedProjects) = preSolution
		{7C32FBA0-8A21-4F95-9F6F-4C6EA841F3F0} = {27861242-2C7E-4F07-8B1F-57CB84014836}
		{ADE75754-C5CE-4703-9140-8CC8DDF9FC50} = {27861242-2C7E-4F07-8B1F-57CB84014836}
		{0878C1FD-F8DC-4708-9351-DC86CA697D96} = {27861242-2C7E-4F07-8B1F-57CB84014836}
		{A4A9CBC3-E564-4E75-AD0E-3A53C4F32ACD} = {46AC818A-EC7C-4469-8445-57FAA8A23997}
	EndGlobalSection
EndGlobal
